// !$*UTF8*$!
{
	archiveVersion = 1;
	classes = {
	};
	objectVersion = 55;
	objects = {

/* Begin PBXBuildFile section */
		9C0D6D0B2774A0DD0060CBEC /* LoginViewController.swift in Sources */ = {isa = PBXBuildFile; fileRef = 9C0D6D0A2774A0DD0060CBEC /* LoginViewController.swift */; };
		9C0D6D0D2774A0FA0060CBEC /* RegisterViewController.swift in Sources */ = {isa = PBXBuildFile; fileRef = 9C0D6D0C2774A0FA0060CBEC /* RegisterViewController.swift */; };
		9C0D6D0F2774A11F0060CBEC /* PhotoViewerViewController.swift in Sources */ = {isa = PBXBuildFile; fileRef = 9C0D6D0E2774A11F0060CBEC /* PhotoViewerViewController.swift */; };
		9C0D6D112774A12E0060CBEC /* VideoPlayerViewController.swift in Sources */ = {isa = PBXBuildFile; fileRef = 9C0D6D102774A12E0060CBEC /* VideoPlayerViewController.swift */; };
		9C0D6D132774A14B0060CBEC /* NewConversationViewController.swift in Sources */ = {isa = PBXBuildFile; fileRef = 9C0D6D122774A14B0060CBEC /* NewConversationViewController.swift */; };
		9C0D6D152774A1810060CBEC /* ProfileViewController.swift in Sources */ = {isa = PBXBuildFile; fileRef = 9C0D6D142774A1810060CBEC /* ProfileViewController.swift */; };
		9CEC043E27749E4000C74640 /* AppDelegate.swift in Sources */ = {isa = PBXBuildFile; fileRef = 9CEC043D27749E4000C74640 /* AppDelegate.swift */; };
		9CEC044027749E4000C74640 /* SceneDelegate.swift in Sources */ = {isa = PBXBuildFile; fileRef = 9CEC043F27749E4000C74640 /* SceneDelegate.swift */; };
		9CEC044227749E4000C74640 /* ConversationsViewController.swift in Sources */ = {isa = PBXBuildFile; fileRef = 9CEC044127749E4000C74640 /* ConversationsViewController.swift */; };
		9CEC044527749E4000C74640 /* Main.storyboard in Resources */ = {isa = PBXBuildFile; fileRef = 9CEC044327749E4000C74640 /* Main.storyboard */; };
		9CEC044727749E4100C74640 /* Assets.xcassets in Resources */ = {isa = PBXBuildFile; fileRef = 9CEC044627749E4100C74640 /* Assets.xcassets */; };
		9CEC044A27749E4100C74640 /* LaunchScreen.storyboard in Resources */ = {isa = PBXBuildFile; fileRef = 9CEC044827749E4100C74640 /* LaunchScreen.storyboard */; };
/* End PBXBuildFile section */

/* Begin PBXFileReference section */
		9C0D6D0A2774A0DD0060CBEC /* LoginViewController.swift */ = {isa = PBXFileReference; lastKnownFileType = sourcecode.swift; path = LoginViewController.swift; sourceTree = "<group>"; };
		9C0D6D0C2774A0FA0060CBEC /* RegisterViewController.swift */ = {isa = PBXFileReference; lastKnownFileType = sourcecode.swift; path = RegisterViewController.swift; sourceTree = "<group>"; };
		9C0D6D0E2774A11F0060CBEC /* PhotoViewerViewController.swift */ = {isa = PBXFileReference; lastKnownFileType = sourcecode.swift; path = PhotoViewerViewController.swift; sourceTree = "<group>"; };
		9C0D6D102774A12E0060CBEC /* VideoPlayerViewController.swift */ = {isa = PBXFileReference; lastKnownFileType = sourcecode.swift; path = VideoPlayerViewController.swift; sourceTree = "<group>"; };
		9C0D6D122774A14B0060CBEC /* NewConversationViewController.swift */ = {isa = PBXFileReference; lastKnownFileType = sourcecode.swift; path = NewConversationViewController.swift; sourceTree = "<group>"; };
		9C0D6D142774A1810060CBEC /* ProfileViewController.swift */ = {isa = PBXFileReference; lastKnownFileType = sourcecode.swift; path = ProfileViewController.swift; sourceTree = "<group>"; };
		9CEC043A27749E4000C74640 /* LanguageExchange.app */ = {isa = PBXFileReference; explicitFileType = wrapper.application; includeInIndex = 0; path = LanguageExchange.app; sourceTree = BUILT_PRODUCTS_DIR; };
		9CEC043D27749E4000C74640 /* AppDelegate.swift */ = {isa = PBXFileReference; lastKnownFileType = sourcecode.swift; path = AppDelegate.swift; sourceTree = "<group>"; };
		9CEC043F27749E4000C74640 /* SceneDelegate.swift */ = {isa = PBXFileReference; lastKnownFileType = sourcecode.swift; path = SceneDelegate.swift; sourceTree = "<group>"; };
		9CEC044127749E4000C74640 /* ConversationsViewController.swift */ = {isa = PBXFileReference; lastKnownFileType = sourcecode.swift; path = ConversationsViewController.swift; sourceTree = "<group>"; };
		9CEC044427749E4000C74640 /* Base */ = {isa = PBXFileReference; lastKnownFileType = file.storyboard; name = Base; path = Base.lproj/Main.storyboard; sourceTree = "<group>"; };
		9CEC044627749E4100C74640 /* Assets.xcassets */ = {isa = PBXFileReference; lastKnownFileType = folder.assetcatalog; path = Assets.xcassets; sourceTree = "<group>"; };
		9CEC044927749E4100C74640 /* Base */ = {isa = PBXFileReference; lastKnownFileType = file.storyboard; name = Base; path = Base.lproj/LaunchScreen.storyboard; sourceTree = "<group>"; };
		9CEC044B27749E4100C74640 /* Info.plist */ = {isa = PBXFileReference; lastKnownFileType = text.plist.xml; path = Info.plist; sourceTree = "<group>"; };
/* End PBXFileReference section */

/* Begin PBXFrameworksBuildPhase section */
		9CEC043727749E4000C74640 /* Frameworks */ = {
			isa = PBXFrameworksBuildPhase;
			buildActionMask = 2147483647;
			files = (
			);
			runOnlyForDeploymentPostprocessing = 0;
		};
/* End PBXFrameworksBuildPhase section */

/* Begin PBXGroup section */
		9C0D6D0427749F330060CBEC /* Controllers */ = {
			isa = PBXGroup;
			children = (
				9C0D6D162774A20B0060CBEC /* Login */,
				9CEC044127749E4000C74640 /* ConversationsViewController.swift */,
				9C0D6D0E2774A11F0060CBEC /* PhotoViewerViewController.swift */,
				9C0D6D102774A12E0060CBEC /* VideoPlayerViewController.swift */,
				9C0D6D122774A14B0060CBEC /* NewConversationViewController.swift */,
				9C0D6D142774A1810060CBEC /* ProfileViewController.swift */,
			);
			path = Controllers;
			sourceTree = "<group>";
		};
		9C0D6D0527749F400060CBEC /* Models */ = {
			isa = PBXGroup;
			children = (
			);
			path = Models;
			sourceTree = "<group>";
		};
		9C0D6D0627749F470060CBEC /* ViewModels */ = {
			isa = PBXGroup;
			children = (
			);
			path = ViewModels;
			sourceTree = "<group>";
		};
		9C0D6D0727749F500060CBEC /* Resources */ = {
			isa = PBXGroup;
			children = (
				9CEC043D27749E4000C74640 /* AppDelegate.swift */,
				9CEC043F27749E4000C74640 /* SceneDelegate.swift */,
			);
			path = Resources;
			sourceTree = "<group>";
		};
		9C0D6D0827749F7B0060CBEC /* Views */ = {
			isa = PBXGroup;
			children = (
				9C0D6D0927749FB40060CBEC /* Storyboards */,
				9CEC044627749E4100C74640 /* Assets.xcassets */,
			);
			path = Views;
			sourceTree = "<group>";
		};
		9C0D6D0927749FB40060CBEC /* Storyboards */ = {
			isa = PBXGroup;
			children = (
				9CEC044327749E4000C74640 /* Main.storyboard */,
				9CEC044827749E4100C74640 /* LaunchScreen.storyboard */,
			);
			path = Storyboards;
			sourceTree = "<group>";
		};
		9C0D6D162774A20B0060CBEC /* Login */ = {
			isa = PBXGroup;
			children = (
				9C0D6D0A2774A0DD0060CBEC /* LoginViewController.swift */,
				9C0D6D0C2774A0FA0060CBEC /* RegisterViewController.swift */,
			);
			path = Login;
			sourceTree = "<group>";
		};
		9CEC043127749E4000C74640 = {
			isa = PBXGroup;
			children = (
				9CEC043C27749E4000C74640 /* LanguageExchange */,
				9CEC043B27749E4000C74640 /* Products */,
			);
			sourceTree = "<group>";
		};
		9CEC043B27749E4000C74640 /* Products */ = {
			isa = PBXGroup;
			children = (
				9CEC043A27749E4000C74640 /* LanguageExchange.app */,
			);
			name = Products;
			sourceTree = "<group>";
		};
		9CEC043C27749E4000C74640 /* LanguageExchange */ = {
			isa = PBXGroup;
			children = (
				9C0D6D0727749F500060CBEC /* Resources */,
				9C0D6D0627749F470060CBEC /* ViewModels */,
				9C0D6D0527749F400060CBEC /* Models */,
				9C0D6D0827749F7B0060CBEC /* Views */,
				9C0D6D0427749F330060CBEC /* Controllers */,
				9CEC044B27749E4100C74640 /* Info.plist */,
			);
			path = LanguageExchange;
			sourceTree = "<group>";
		};
/* End PBXGroup section */

/* Begin PBXNativeTarget section */
		9CEC043927749E4000C74640 /* LanguageExchange */ = {
			isa = PBXNativeTarget;
			buildConfigurationList = 9CEC044E27749E4100C74640 /* Build configuration list for PBXNativeTarget "LanguageExchange" */;
			buildPhases = (
				9CEC043627749E4000C74640 /* Sources */,
				9CEC043727749E4000C74640 /* Frameworks */,
				9CEC043827749E4000C74640 /* Resources */,
			);
			buildRules = (
			);
			dependencies = (
			);
			name = LanguageExchange;
			productName = LanguageExchange;
			productReference = 9CEC043A27749E4000C74640 /* LanguageExchange.app */;
			productType = "com.apple.product-type.application";
		};
/* End PBXNativeTarget section */

/* Begin PBXProject section */
		9CEC043227749E4000C74640 /* Project object */ = {
			isa = PBXProject;
			attributes = {
				BuildIndependentTargetsInParallel = 1;
				LastSwiftUpdateCheck = 1320;
				LastUpgradeCheck = 1320;
				TargetAttributes = {
					9CEC043927749E4000C74640 = {
						CreatedOnToolsVersion = 13.2.1;
					};
				};
			};
			buildConfigurationList = 9CEC043527749E4000C74640 /* Build configuration list for PBXProject "LanguageExchange" */;
			compatibilityVersion = "Xcode 13.0";
			developmentRegion = en;
			hasScannedForEncodings = 0;
			knownRegions = (
				en,
				Base,
			);
			mainGroup = 9CEC043127749E4000C74640;
			productRefGroup = 9CEC043B27749E4000C74640 /* Products */;
			projectDirPath = "";
			projectRoot = "";
			targets = (
				9CEC043927749E4000C74640 /* LanguageExchange */,
			);
		};
/* End PBXProject section */

/* Begin PBXResourcesBuildPhase section */
		9CEC043827749E4000C74640 /* Resources */ = {
			isa = PBXResourcesBuildPhase;
			buildActionMask = 2147483647;
			files = (
				9CEC044A27749E4100C74640 /* LaunchScreen.storyboard in Resources */,
				9CEC044727749E4100C74640 /* Assets.xcassets in Resources */,
				9CEC044527749E4000C74640 /* Main.storyboard in Resources */,
			);
			runOnlyForDeploymentPostprocessing = 0;
		};
/* End PBXResourcesBuildPhase section */

/* Begin PBXSourcesBuildPhase section */
		9CEC043627749E4000C74640 /* Sources */ = {
			isa = PBXSourcesBuildPhase;
			buildActionMask = 2147483647;
			files = (
				9C0D6D0B2774A0DD0060CBEC /* LoginViewController.swift in Sources */,
				9C0D6D132774A14B0060CBEC /* NewConversationViewController.swift in Sources */,
				9C0D6D0D2774A0FA0060CBEC /* RegisterViewController.swift in Sources */,
				9CEC044227749E4000C74640 /* ConversationsViewController.swift in Sources */,
				9C0D6D112774A12E0060CBEC /* VideoPlayerViewController.swift in Sources */,
				9CEC043E27749E4000C74640 /* AppDelegate.swift in Sources */,
				9C0D6D152774A1810060CBEC /* ProfileViewController.swift in Sources */,
				9CEC044027749E4000C74640 /* SceneDelegate.swift in Sources */,
				9C0D6D0F2774A11F0060CBEC /* PhotoViewerViewController.swift in Sources */,
			);
			runOnlyForDeploymentPostprocessing = 0;
		};
/* End PBXSourcesBuildPhase section */

/* Begin PBXVariantGroup section */
		9CEC044327749E4000C74640 /* Main.storyboard */ = {
			isa = PBXVariantGroup;
			children = (
				9CEC044427749E4000C74640 /* Base */,
			);
			name = Main.storyboard;
			sourceTree = "<group>";
		};
		9CEC044827749E4100C74640 /* LaunchScreen.storyboard */ = {
			isa = PBXVariantGroup;
			children = (
				9CEC044927749E4100C74640 /* Base */,
			);
			name = LaunchScreen.storyboard;
			sourceTree = "<group>";
		};
/* End PBXVariantGroup section */

/* Begin XCBuildConfiguration section */
		9CEC044C27749E4100C74640 /* Debug */ = {
			isa = XCBuildConfiguration;
			buildSettings = {
				ALWAYS_SEARCH_USER_PATHS = NO;
				CLANG_ANALYZER_NONNULL = YES;
				CLANG_ANALYZER_NUMBER_OBJECT_CONVERSION = YES_AGGRESSIVE;
				CLANG_CXX_LANGUAGE_STANDARD = "gnu++17";
				CLANG_CXX_LIBRARY = "libc++";
				CLANG_ENABLE_MODULES = YES;
				CLANG_ENABLE_OBJC_ARC = YES;
				CLANG_ENABLE_OBJC_WEAK = YES;
				CLANG_WARN_BLOCK_CAPTURE_AUTORELEASING = YES;
				CLANG_WARN_BOOL_CONVERSION = YES;
				CLANG_WARN_COMMA = YES;
				CLANG_WARN_CONSTANT_CONVERSION = YES;
				CLANG_WARN_DEPRECATED_OBJC_IMPLEMENTATIONS = YES;
				CLANG_WARN_DIRECT_OBJC_ISA_USAGE = YES_ERROR;
				CLANG_WARN_DOCUMENTATION_COMMENTS = YES;
				CLANG_WARN_EMPTY_BODY = YES;
				CLANG_WARN_ENUM_CONVERSION = YES;
				CLANG_WARN_INFINITE_RECURSION = YES;
				CLANG_WARN_INT_CONVERSION = YES;
				CLANG_WARN_NON_LITERAL_NULL_CONVERSION = YES;
				CLANG_WARN_OBJC_IMPLICIT_RETAIN_SELF = YES;
				CLANG_WARN_OBJC_LITERAL_CONVERSION = YES;
				CLANG_WARN_OBJC_ROOT_CLASS = YES_ERROR;
				CLANG_WARN_QUOTED_INCLUDE_IN_FRAMEWORK_HEADER = YES;
				CLANG_WARN_RANGE_LOOP_ANALYSIS = YES;
				CLANG_WARN_STRICT_PROTOTYPES = YES;
				CLANG_WARN_SUSPICIOUS_MOVE = YES;
				CLANG_WARN_UNGUARDED_AVAILABILITY = YES_AGGRESSIVE;
				CLANG_WARN_UNREACHABLE_CODE = YES;
				CLANG_WARN__DUPLICATE_METHOD_MATCH = YES;
				COPY_PHASE_STRIP = NO;
				DEBUG_INFORMATION_FORMAT = dwarf;
				ENABLE_STRICT_OBJC_MSGSEND = YES;
				ENABLE_TESTABILITY = YES;
				GCC_C_LANGUAGE_STANDARD = gnu11;
				GCC_DYNAMIC_NO_PIC = NO;
				GCC_NO_COMMON_BLOCKS = YES;
				GCC_OPTIMIZATION_LEVEL = 0;
				GCC_PREPROCESSOR_DEFINITIONS = (
					"DEBUG=1",
					"$(inherited)",
				);
				GCC_WARN_64_TO_32_BIT_CONVERSION = YES;
				GCC_WARN_ABOUT_RETURN_TYPE = YES_ERROR;
				GCC_WARN_UNDECLARED_SELECTOR = YES;
				GCC_WARN_UNINITIALIZED_AUTOS = YES_AGGRESSIVE;
				GCC_WARN_UNUSED_FUNCTION = YES;
				GCC_WARN_UNUSED_VARIABLE = YES;
				IPHONEOS_DEPLOYMENT_TARGET = 15.2;
				MTL_ENABLE_DEBUG_INFO = INCLUDE_SOURCE;
				MTL_FAST_MATH = YES;
				ONLY_ACTIVE_ARCH = YES;
				SDKROOT = iphoneos;
				SWIFT_ACTIVE_COMPILATION_CONDITIONS = DEBUG;
				SWIFT_OPTIMIZATION_LEVEL = "-Onone";
			};
			name = Debug;
		};
		9CEC044D27749E4100C74640 /* Release */ = {
			isa = XCBuildConfiguration;
			buildSettings = {
				ALWAYS_SEARCH_USER_PATHS = NO;
				CLANG_ANALYZER_NONNULL = YES;
				CLANG_ANALYZER_NUMBER_OBJECT_CONVERSION = YES_AGGRESSIVE;
				CLANG_CXX_LANGUAGE_STANDARD = "gnu++17";
				CLANG_CXX_LIBRARY = "libc++";
				CLANG_ENABLE_MODULES = YES;
				CLANG_ENABLE_OBJC_ARC = YES;
				CLANG_ENABLE_OBJC_WEAK = YES;
				CLANG_WARN_BLOCK_CAPTURE_AUTORELEASING = YES;
				CLANG_WARN_BOOL_CONVERSION = YES;
				CLANG_WARN_COMMA = YES;
				CLANG_WARN_CONSTANT_CONVERSION = YES;
				CLANG_WARN_DEPRECATED_OBJC_IMPLEMENTATIONS = YES;
				CLANG_WARN_DIRECT_OBJC_ISA_USAGE = YES_ERROR;
				CLANG_WARN_DOCUMENTATION_COMMENTS = YES;
				CLANG_WARN_EMPTY_BODY = YES;
				CLANG_WARN_ENUM_CONVERSION = YES;
				CLANG_WARN_INFINITE_RECURSION = YES;
				CLANG_WARN_INT_CONVERSION = YES;
				CLANG_WARN_NON_LITERAL_NULL_CONVERSION = YES;
				CLANG_WARN_OBJC_IMPLICIT_RETAIN_SELF = YES;
				CLANG_WARN_OBJC_LITERAL_CONVERSION = YES;
				CLANG_WARN_OBJC_ROOT_CLASS = YES_ERROR;
				CLANG_WARN_QUOTED_INCLUDE_IN_FRAMEWORK_HEADER = YES;
				CLANG_WARN_RANGE_LOOP_ANALYSIS = YES;
				CLANG_WARN_STRICT_PROTOTYPES = YES;
				CLANG_WARN_SUSPICIOUS_MOVE = YES;
				CLANG_WARN_UNGUARDED_AVAILABILITY = YES_AGGRESSIVE;
				CLANG_WARN_UNREACHABLE_CODE = YES;
				CLANG_WARN__DUPLICATE_METHOD_MATCH = YES;
				COPY_PHASE_STRIP = NO;
				DEBUG_INFORMATION_FORMAT = "dwarf-with-dsym";
				ENABLE_NS_ASSERTIONS = NO;
				ENABLE_STRICT_OBJC_MSGSEND = YES;
				GCC_C_LANGUAGE_STANDARD = gnu11;
				GCC_NO_COMMON_BLOCKS = YES;
				GCC_WARN_64_TO_32_BIT_CONVERSION = YES;
				GCC_WARN_ABOUT_RETURN_TYPE = YES_ERROR;
				GCC_WARN_UNDECLARED_SELECTOR = YES;
				GCC_WARN_UNINITIALIZED_AUTOS = YES_AGGRESSIVE;
				GCC_WARN_UNUSED_FUNCTION = YES;
				GCC_WARN_UNUSED_VARIABLE = YES;
				IPHONEOS_DEPLOYMENT_TARGET = 15.2;
				MTL_ENABLE_DEBUG_INFO = NO;
				MTL_FAST_MATH = YES;
				SDKROOT = iphoneos;
				SWIFT_COMPILATION_MODE = wholemodule;
				SWIFT_OPTIMIZATION_LEVEL = "-O";
				VALIDATE_PRODUCT = YES;
			};
			name = Release;
		};
		9CEC044F27749E4100C74640 /* Debug */ = {
			isa = XCBuildConfiguration;
			buildSettings = {
				ASSETCATALOG_COMPILER_APPICON_NAME = AppIcon;
				ASSETCATALOG_COMPILER_GLOBAL_ACCENT_COLOR_NAME = AccentColor;
				CODE_SIGN_STYLE = Automatic;
				CURRENT_PROJECT_VERSION = 1;
				GENERATE_INFOPLIST_FILE = YES;
				INFOPLIST_FILE = LanguageExchange/Info.plist;
				INFOPLIST_KEY_UIApplicationSupportsIndirectInputEvents = YES;
				INFOPLIST_KEY_UILaunchStoryboardName = LaunchScreen;
				INFOPLIST_KEY_UIMainStoryboardFile = Main;
				INFOPLIST_KEY_UISupportedInterfaceOrientations = UIInterfaceOrientationPortrait;
				INFOPLIST_KEY_UISupportedInterfaceOrientations_iPad = "UIInterfaceOrientationPortrait UIInterfaceOrientationPortraitUpsideDown UIInterfaceOrientationLandscapeLeft UIInterfaceOrientationLandscapeRight";
				INFOPLIST_KEY_UISupportedInterfaceOrientations_iPhone = "UIInterfaceOrientationPortrait UIInterfaceOrientationLandscapeLeft UIInterfaceOrientationLandscapeRight";
				LD_RUNPATH_SEARCH_PATHS = (
					"$(inherited)",
					"@executable_path/Frameworks",
				);
				MARKETING_VERSION = 1.0;
				PRODUCT_BUNDLE_IDENTIFIER = com.girok.LanguageExchange;
				PRODUCT_NAME = "$(TARGET_NAME)";
				SWIFT_EMIT_LOC_STRINGS = YES;
				SWIFT_VERSION = 5.0;
				TARGETED_DEVICE_FAMILY = "1,2";
			};
			name = Debug;
		};
		9CEC045027749E4100C74640 /* Release */ = {
			isa = XCBuildConfiguration;
			buildSettings = {
				ASSETCATALOG_COMPILER_APPICON_NAME = AppIcon;
				ASSETCATALOG_COMPILER_GLOBAL_ACCENT_COLOR_NAME = AccentColor;
				CODE_SIGN_STYLE = Automatic;
				CURRENT_PROJECT_VERSION = 1;
				GENERATE_INFOPLIST_FILE = YES;
				INFOPLIST_FILE = LanguageExchange/Info.plist;
				INFOPLIST_KEY_UIApplicationSupportsIndirectInputEvents = YES;
				INFOPLIST_KEY_UILaunchStoryboardName = LaunchScreen;
				INFOPLIST_KEY_UIMainStoryboardFile = Main;
				INFOPLIST_KEY_UISupportedInterfaceOrientations = UIInterfaceOrientationPortrait;
				INFOPLIST_KEY_UISupportedInterfaceOrientations_iPad = "UIInterfaceOrientationPortrait UIInterfaceOrientationPortraitUpsideDown UIInterfaceOrientationLandscapeLeft UIInterfaceOrientationLandscapeRight";
				INFOPLIST_KEY_UISupportedInterfaceOrientations_iPhone = "UIInterfaceOrientationPortrait UIInterfaceOrientationLandscapeLeft UIInterfaceOrientationLandscapeRight";
				LD_RUNPATH_SEARCH_PATHS = (
					"$(inherited)",
					"@executable_path/Frameworks",
				);
				MARKETING_VERSION = 1.0;
				PRODUCT_BUNDLE_IDENTIFIER = com.girok.LanguageExchange;
				PRODUCT_NAME = "$(TARGET_NAME)";
				SWIFT_EMIT_LOC_STRINGS = YES;
				SWIFT_VERSION = 5.0;
				TARGETED_DEVICE_FAMILY = "1,2";
			};
			name = Release;
		};
/* End XCBuildConfiguration section */

/* Begin XCConfigurationList section */
		9CEC043527749E4000C74640 /* Build configuration list for PBXProject "LanguageExchange" */ = {
			isa = XCConfigurationList;
			buildConfigurations = (
				9CEC044C27749E4100C74640 /* Debug */,
				9CEC044D27749E4100C74640 /* Release */,
			);
			defaultConfigurationIsVisible = 0;
			defaultConfigurationName = Release;
		};
		9CEC044E27749E4100C74640 /* Build configuration list for PBXNativeTarget "LanguageExchange" */ = {
			isa = XCConfigurationList;
			buildConfigurations = (
				9CEC044F27749E4100C74640 /* Debug */,
				9CEC045027749E4100C74640 /* Release */,
			);
			defaultConfigurationIsVisible = 0;
			defaultConfigurationName = Release;
		};
/* End XCConfigurationList section */
	};
	rootObject = 9CEC043227749E4000C74640 /* Project object */;
}
